dependencies:
- name: common
  repository: https://charts.bitnami.com/bitnami
  version: 1.1.2
- name: mysql
  repository: https://charts.bitnami.com/bitnami
  version: 8.2.1
digest: sha256:d23cb989d949dc03d7ba6c492737a31c6847a05dbe92e62ea45ada81684f66e9
generated: "2020-12-16T08:38:06.851668456+02:00"
